github.com/ahodieb/brute v0.0.0-20230219174513-a6e75332369a h1:NlSHU8QW1HALkNn5k/5hmU4iHZCRKWx9en90sQujWnY=
github.com/ahodieb/brute v0.0.0-20230219174513-a6e75332369a/go.mod h1:tL8SYv4Ad1Iyl/s3z69GZa2WNNkkoWOtNWJCmTa8n6k=
golang.org/x/exp v0.0.0-20220428152302-39d4317da171 h1:TfdoLivD44QwvssI9Sv1xwa5DcL5XQr4au4sZ2F2NV4=
golang.org/x/exp v0.0.0-20220428152302-39d4317da171/go.mod h1:lgLbSvA5ygNOMpwM/9anMpWVlVJ7Z+cHWq/eFuinpGE=
